
Microsoft Visual Studio Solution File, Format Version 12.00
# Visual Studio Version 17
VisualStudioVersion = 17.10.35013.160
MinimumVisualStudioVersion = 10.0.40219.1
Project("{8BC9CEB8-8B4A-11D0-8D11-00A0C91BC942}") = "Tic Tac Toe Game", "Tic Tac Toe Game.vcxproj", "{51CEC91E-DE64-4CC5-A665-C339D67715A1}"
EndProject
Global
	GlobalSection(SolutionConfigurationPlatforms) = preSolution
		Debug|x64 = Debug|x64
		Debug|x86 = Debug|x86
		Release|x64 = Release|x64
		Release|x86 = Release|x86
	EndGlobalSection
	GlobalSection(ProjectConfigurationPlatforms) = postSolution
		{51CEC91E-DE64-4CC5-A665-C339D67715A1}.Debug|x64.ActiveCfg = Debug|x64
		{51CEC91E-DE64-4CC5-A665-C339D67715A1}.Debug|x64.Build.0 = Debug|x64
		{51CEC91E-DE64-4CC5-A665-C339D67715A1}.Debug|x86.ActiveCfg = Debug|Win32
		{51CEC91E-DE64-4CC5-A665-C339D67715A1}.Debug|x86.Build.0 = Debug|Win32
		{51CEC91E-DE64-4CC5-A665-C339D67715A1}.Release|x64.ActiveCfg = Release|x64
		{51CEC91E-DE64-4CC5-A665-C339D67715A1}.Release|x64.Build.0 = Release|x64
		{51CEC91E-DE64-4CC5-A665-C339D67715A1}.Release|x86.ActiveCfg = Release|Win32
		{51CEC91E-DE64-4CC5-A665-C339D67715A1}.Release|x86.Build.0 = Release|Win32
	EndGlobalSection
	GlobalSection(SolutionProperties) = preSolution
		HideSolutionNode = FALSE
	EndGlobalSection
	GlobalSection(ExtensibilityGlobals) = postSolution
		SolutionGuid = {780B1E40-EE3E-4324-882E-2340133F1647}
	EndGlobalSection
EndGlobal
